
Microsoft Visual Studio Solution File, Format Version 12.00
# Visual Studio Version 16
VisualStudioVersion = 16.0.30523.141
MinimumVisualStudioVersion = 10.0.40219.1
Project("{8BC9CEB8-8B4A-11D0-8D11-00A0C91BC942}") = "Scan For Signed Modules", "Scan For Signed Modules\Scan For Signed Modules.vcxproj", "{7721771A-60A8-4F47-B294-0BCA5D3E41E6}"
EndProject
Global
	GlobalSection(SolutionConfigurationPlatforms) = preSolution
		Debug|x64 = Debug|x64
		Debug|x86 = Debug|x86
		Release|x64 = Release|x64
		Release|x86 = Release|x86
	EndGlobalSection
	GlobalSection(ProjectConfigurationPlatforms) = postSolution
		{7721771A-60A8-4F47-B294-0BCA5D3E41E6}.Debug|x64.ActiveCfg = Debug|x64
		{7721771A-60A8-4F47-B294-0BCA5D3E41E6}.Debug|x64.Build.0 = Debug|x64
		{7721771A-60A8-4F47-B294-0BCA5D3E41E6}.Debug|x86.ActiveCfg = Debug|Win32
		{7721771A-60A8-4F47-B294-0BCA5D3E41E6}.Debug|x86.Build.0 = Debug|Win32
		{7721771A-60A8-4F47-B294-0BCA5D3E41E6}.Release|x64.ActiveCfg = Release|x64
		{7721771A-60A8-4F47-B294-0BCA5D3E41E6}.Release|x64.Build.0 = Release|x64
		{7721771A-60A8-4F47-B294-0BCA5D3E41E6}.Release|x86.ActiveCfg = Release|Win32
		{7721771A-60A8-4F47-B294-0BCA5D3E41E6}.Release|x86.Build.0 = Release|Win32
	EndGlobalSection
	GlobalSection(SolutionProperties) = preSolution
		HideSolutionNode = FALSE
	EndGlobalSection
	GlobalSection(ExtensibilityGlobals) = postSolution
		SolutionGuid = {F797BEC6-9040-4312-A791-762A430990CC}
	EndGlobalSection
EndGlobal
